
Microsoft Visual Studio Solution File, Format Version 12.00
# Visual Studio Version 16
VisualStudioVersion = 16.0.29201.188
MinimumVisualStudioVersion = 10.0.40219.1
Project("{9A19103F-16F7-4668-BE54-9A1E7A4F7556}") = "AppCore", "AppCore\AppCore.csproj", "{51CDF0BF-4F4E-4D78-9DD7-5C86A5CBD90D}"
	ProjectSection(ProjectDependencies) = postProject
		{7E9689E5-DD02-41E1-A63F-E5FD95278081} = {7E9689E5-DD02-41E1-A63F-E5FD95278081}
	EndProjectSection
EndProject
Project("{9A19103F-16F7-4668-BE54-9A1E7A4F7556}") = "FileService", "FileService\FileService.csproj", "{7E9689E5-DD02-41E1-A63F-E5FD95278081}"
EndProject
Global
	GlobalSection(SolutionConfigurationPlatforms) = preSolution
		Debug|Any CPU = Debug|Any CPU
		Release|Any CPU = Release|Any CPU
	EndGlobalSection
	GlobalSection(ProjectConfigurationPlatforms) = postSolution
		{51CDF0BF-4F4E-4D78-9DD7-5C86A5CBD90D}.Debug|Any CPU.ActiveCfg = Debug|Any CPU
		{51CDF0BF-4F4E-4D78-9DD7-5C86A5CBD90D}.Debug|Any CPU.Build.0 = Debug|Any CPU
		{51CDF0BF-4F4E-4D78-9DD7-5C86A5CBD90D}.Release|Any CPU.ActiveCfg = Release|Any CPU
		{51CDF0BF-4F4E-4D78-9DD7-5C86A5CBD90D}.Release|Any CPU.Build.0 = Release|Any CPU
		{7E9689E5-DD02-41E1-A63F-E5FD95278081}.Debug|Any CPU.ActiveCfg = Debug|Any CPU
		{7E9689E5-DD02-41E1-A63F-E5FD95278081}.Debug|Any CPU.Build.0 = Debug|Any CPU
		{7E9689E5-DD02-41E1-A63F-E5FD95278081}.Release|Any CPU.ActiveCfg = Release|Any CPU
		{7E9689E5-DD02-41E1-A63F-E5FD95278081}.Release|Any CPU.Build.0 = Release|Any CPU
	EndGlobalSection
	GlobalSection(SolutionProperties) = preSolution
		HideSolutionNode = FALSE
	EndGlobalSection
	GlobalSection(ExtensibilityGlobals) = postSolution
		SolutionGuid = {318C1661-22E1-498F-91C3-82BE07A2277E}
	EndGlobalSection
EndGlobal
